
Microsoft Visual Studio Solution File, Format Version 12.00
# Visual Studio 2012
Project("{FAE04EC0-301F-11D3-BF4B-00C04F79EFBC}") = "TestProjet", "TestProjet\TestProjet.csproj", "{D2B55F69-0B9D-441B-83B0-ADD493B9A67C}"
EndProject
Project("{FAE04EC0-301F-11D3-BF4B-00C04F79EFBC}") = "demineur", "demineur\demineur.csproj", "{91CFA6DA-2EEF-4415-A82F-D1FEDBF6A016}"
EndProject
Global
	GlobalSection(SolutionConfigurationPlatforms) = preSolution
		Debug|Any CPU = Debug|Any CPU
		Release|Any CPU = Release|Any CPU
	EndGlobalSection
	GlobalSection(ProjectConfigurationPlatforms) = postSolution
		{D2B55F69-0B9D-441B-83B0-ADD493B9A67C}.Debug|Any CPU.ActiveCfg = Debug|Any CPU
		{D2B55F69-0B9D-441B-83B0-ADD493B9A67C}.Debug|Any CPU.Build.0 = Debug|Any CPU
		{D2B55F69-0B9D-441B-83B0-ADD493B9A67C}.Release|Any CPU.ActiveCfg = Release|Any CPU
		{D2B55F69-0B9D-441B-83B0-ADD493B9A67C}.Release|Any CPU.Build.0 = Release|Any CPU
		{91CFA6DA-2EEF-4415-A82F-D1FEDBF6A016}.Debug|Any CPU.ActiveCfg = Debug|Any CPU
		{91CFA6DA-2EEF-4415-A82F-D1FEDBF6A016}.Debug|Any CPU.Build.0 = Debug|Any CPU
		{91CFA6DA-2EEF-4415-A82F-D1FEDBF6A016}.Release|Any CPU.ActiveCfg = Release|Any CPU
		{91CFA6DA-2EEF-4415-A82F-D1FEDBF6A016}.Release|Any CPU.Build.0 = Release|Any CPU
	EndGlobalSection
	GlobalSection(SolutionProperties) = preSolution
		HideSolutionNode = FALSE
	EndGlobalSection
	GlobalSection(MonoDevelopProperties) = preSolution
		StartupItem = TestProjet\TestProjet.csproj
	EndGlobalSection
EndGlobal
